
Microsoft Visual Studio Solution File, Format Version 12.00
# Visual Studio 15
VisualStudioVersion = 15.0.27130.2010
MinimumVisualStudioVersion = 10.0.40219.1
Project("{2150E333-8FDC-42A3-9474-1A3956D46DE8}") = "src", "src", "{C91A6071-FCAC-4341-B772-6B09614A5039}"
EndProject
Project("{2150E333-8FDC-42A3-9474-1A3956D46DE8}") = "test", "test", "{8FB17A3B-F256-4212-9128-1FBB9D113FC3}"
EndProject
Project("{FAE04EC0-301F-11D3-BF4B-00C04F79EFBC}") = "AssemblyTool.Kernel", "src\AssemblyTool.Kernel\AssemblyTool.Kernel.csproj", "{89E5C5D8-4C69-4F32-9B23-5C9F192D6186}"
EndProject
Global
	GlobalSection(SolutionConfigurationPlatforms) = preSolution
		Debug|Any CPU = Debug|Any CPU
		Release|Any CPU = Release|Any CPU
	EndGlobalSection
	GlobalSection(ProjectConfigurationPlatforms) = postSolution
		{89E5C5D8-4C69-4F32-9B23-5C9F192D6186}.Debug|Any CPU.ActiveCfg = Debug|Any CPU
		{89E5C5D8-4C69-4F32-9B23-5C9F192D6186}.Debug|Any CPU.Build.0 = Debug|Any CPU
		{89E5C5D8-4C69-4F32-9B23-5C9F192D6186}.Release|Any CPU.ActiveCfg = Release|Any CPU
		{89E5C5D8-4C69-4F32-9B23-5C9F192D6186}.Release|Any CPU.Build.0 = Release|Any CPU
	EndGlobalSection
	GlobalSection(SolutionProperties) = preSolution
		HideSolutionNode = FALSE
	EndGlobalSection
	GlobalSection(NestedProjects) = preSolution
		{89E5C5D8-4C69-4F32-9B23-5C9F192D6186} = {C91A6071-FCAC-4341-B772-6B09614A5039}
	EndGlobalSection
	GlobalSection(ExtensibilityGlobals) = postSolution
		SolutionGuid = {2C69FB14-446C-4B56-BBDE-70FC3A08F075}
	EndGlobalSection
EndGlobal
